
Microsoft Visual Studio Solution File, Format Version 12.00
# Visual Studio Version 17
VisualStudioVersion = 17.0.31903.59
MinimumVisualStudioVersion = 10.0.40219.1
Project("{2150E333-8FDC-42A3-9474-1A3956D46DE8}") = "Services", "Services", "{11C72D2F-AA41-4E12-820A-64511B1FBE49}"
EndProject
Project("{2150E333-8FDC-42A3-9474-1A3956D46DE8}") = "Catalog", "Catalog", "{2C0E3CD9-0210-4A59-9045-F135BA1A6D2B}"
EndProject
Project("{FAE04EC0-301F-11D3-BF4B-00C04F79EFBC}") = "Catalog.API", "Services\Catalog\Catalog.Api\Catalog.API.csproj", "{B4F643C2-EA44-4880-BDE3-AF3DAA8C72E0}"
EndProject
Project("{FAE04EC0-301F-11D3-BF4B-00C04F79EFBC}") = "Catalog.Application", "Services\Catalog\Catalog.Application\Catalog.Application.csproj", "{6BC10762-092A-4AC7-B21B-48BE15E3A01D}"
EndProject
Project("{FAE04EC0-301F-11D3-BF4B-00C04F79EFBC}") = "Catalog.Infrastructure", "Services\Catalog\Catalog.Infrastructure\Catalog.Infrastructure.csproj", "{8CB1632D-5709-4D3F-9A80-71F72450802C}"
EndProject
Project("{2150E333-8FDC-42A3-9474-1A3956D46DE8}") = "Basket", "Basket", "{C9F264F6-7C86-446A-8133-F096819648EA}"
EndProject
Project("{FAE04EC0-301F-11D3-BF4B-00C04F79EFBC}") = "Basket.API", "Services\Basket\Basket.API\Basket.API.csproj", "{B03D626D-A96E-4470-90B7-17DCDC261FE0}"
EndProject
Project("{FAE04EC0-301F-11D3-BF4B-00C04F79EFBC}") = "Basket.Application", "Services\Basket\Basket.Application\Basket.Application.csproj", "{571EBED4-579A-4B17-BECC-16D495241081}"
EndProject
Project("{FAE04EC0-301F-11D3-BF4B-00C04F79EFBC}") = "Basket.Infrastructure", "Services\Basket\Basket.Infrastructure\Basket.Infrastructure.csproj", "{ADBE448E-C1FB-4FBE-9110-D1B04E08826E}"
EndProject
Project("{2150E333-8FDC-42A3-9474-1A3956D46DE8}") = "Discount", "Discount", "{579E168B-4893-4803-9A9D-68076894AF8D}"
EndProject
Project("{FAE04EC0-301F-11D3-BF4B-00C04F79EFBC}") = "Discount.API", "Services\Discount\Discount.API\Discount.API.csproj", "{251120ED-4EE0-44B6-AB0F-107C22630E0D}"
EndProject
Project("{FAE04EC0-301F-11D3-BF4B-00C04F79EFBC}") = "Discount.Infrastructure", "Services\Discount\Discount.Infrastructure\Discount.Infrastructure.csproj", "{2B8EDB16-190A-43A9-9173-CA9084693E9F}"
EndProject
Project("{FAE04EC0-301F-11D3-BF4B-00C04F79EFBC}") = "Discount.Application", "Services\Discount\Discount.Application\Discount.Application.csproj", "{1DCF7460-3D68-463B-84D9-F46ED181EA55}"
EndProject
Project("{FAE04EC0-301F-11D3-BF4B-00C04F79EFBC}") = "Basket.Domain", "Services\Basket\Basket.Domain\Basket.Domain.csproj", "{A1FFE5C1-B31C-44A6-A571-199C8CBA0DEA}"
EndProject
Project("{FAE04EC0-301F-11D3-BF4B-00C04F79EFBC}") = "Catalog.Domain", "Services\Catalog\Catalog.Domain\Catalog.Domain.csproj", "{D929DF23-6B35-4730-853F-041099137F0D}"
EndProject
Project("{FAE04EC0-301F-11D3-BF4B-00C04F79EFBC}") = "Discount.Domain", "Services\Discount\Discount.Domain\Discount.Domain.csproj", "{2F464216-F995-4C34-8763-B7320260926C}"
EndProject
Project("{2150E333-8FDC-42A3-9474-1A3956D46DE8}") = "Ordering", "Ordering", "{B8EBE902-D626-4BAD-9719-B9312D18CC0F}"
EndProject
Project("{FAE04EC0-301F-11D3-BF4B-00C04F79EFBC}") = "Ordering.API", "Services\Ordering\Ordering.API\Ordering.API.csproj", "{6B5B7174-1F5B-49DF-B812-6C3CDA421934}"
EndProject
Project("{FAE04EC0-301F-11D3-BF4B-00C04F79EFBC}") = "Ordering.Application", "Services\Ordering\Ordering.Application\Ordering.Application.csproj", "{AE769B9A-AC1F-4D28-A3FB-D45535820ADF}"
EndProject
Project("{FAE04EC0-301F-11D3-BF4B-00C04F79EFBC}") = "Ordering.Domain", "Services\Ordering\Ordering.Domain\Ordering.Domain.csproj", "{7F778848-E115-4B53-A14D-B0C0D71763C6}"
EndProject
Project("{FAE04EC0-301F-11D3-BF4B-00C04F79EFBC}") = "Ordering.Infrastructure", "Services\Ordering\Ordering.Infrastructure\Ordering.Infrastructure.csproj", "{0DDCB047-5E80-4CE0-A415-78A1B026AD0F}"
EndProject
Project("{E53339B2-1760-4266-BCC7-CA923CBCF16C}") = "docker-compose", "docker-compose.dcproj", "{A92412CF-0A07-452C-9DCF-EF3F436F8FA8}"
EndProject
Project("{2150E333-8FDC-42A3-9474-1A3956D46DE8}") = "Infrastructures", "Infrastructures", "{ABFA3C03-873C-4F1F-91E7-1DF665DB1FA6}"
EndProject
Project("{FAE04EC0-301F-11D3-BF4B-00C04F79EFBC}") = "EventBus.Service", "Infrastructures\EventBus.Service\EventBus.Service.csproj", "{62F72C52-2930-4BBC-AFC8-7243599443C2}"
EndProject
Project("{FAE04EC0-301F-11D3-BF4B-00C04F79EFBC}") = "Ocelot.ApiGetaway", "Ocelot.ApiGetaway\Ocelot.ApiGetaway.csproj", "{55E7140D-D233-4BC8-9650-D8FDC68FBD2F}"
EndProject
Global
	GlobalSection(SolutionConfigurationPlatforms) = preSolution
		Debug|Any CPU = Debug|Any CPU
		Release|Any CPU = Release|Any CPU
	EndGlobalSection
	GlobalSection(SolutionProperties) = preSolution
		HideSolutionNode = FALSE
	EndGlobalSection
	GlobalSection(ProjectConfigurationPlatforms) = postSolution
		{B4F643C2-EA44-4880-BDE3-AF3DAA8C72E0}.Debug|Any CPU.ActiveCfg = Debug|Any CPU
		{B4F643C2-EA44-4880-BDE3-AF3DAA8C72E0}.Debug|Any CPU.Build.0 = Debug|Any CPU
		{B4F643C2-EA44-4880-BDE3-AF3DAA8C72E0}.Release|Any CPU.ActiveCfg = Release|Any CPU
		{B4F643C2-EA44-4880-BDE3-AF3DAA8C72E0}.Release|Any CPU.Build.0 = Release|Any CPU
		{6BC10762-092A-4AC7-B21B-48BE15E3A01D}.Debug|Any CPU.ActiveCfg = Debug|Any CPU
		{6BC10762-092A-4AC7-B21B-48BE15E3A01D}.Debug|Any CPU.Build.0 = Debug|Any CPU
		{6BC10762-092A-4AC7-B21B-48BE15E3A01D}.Release|Any CPU.ActiveCfg = Release|Any CPU
		{6BC10762-092A-4AC7-B21B-48BE15E3A01D}.Release|Any CPU.Build.0 = Release|Any CPU
		{8CB1632D-5709-4D3F-9A80-71F72450802C}.Debug|Any CPU.ActiveCfg = Debug|Any CPU
		{8CB1632D-5709-4D3F-9A80-71F72450802C}.Debug|Any CPU.Build.0 = Debug|Any CPU
		{8CB1632D-5709-4D3F-9A80-71F72450802C}.Release|Any CPU.ActiveCfg = Release|Any CPU
		{8CB1632D-5709-4D3F-9A80-71F72450802C}.Release|Any CPU.Build.0 = Release|Any CPU
		{B03D626D-A96E-4470-90B7-17DCDC261FE0}.Debug|Any CPU.ActiveCfg = Debug|Any CPU
		{B03D626D-A96E-4470-90B7-17DCDC261FE0}.Debug|Any CPU.Build.0 = Debug|Any CPU
		{B03D626D-A96E-4470-90B7-17DCDC261FE0}.Release|Any CPU.ActiveCfg = Release|Any CPU
		{B03D626D-A96E-4470-90B7-17DCDC261FE0}.Release|Any CPU.Build.0 = Release|Any CPU
		{571EBED4-579A-4B17-BECC-16D495241081}.Debug|Any CPU.ActiveCfg = Debug|Any CPU
		{571EBED4-579A-4B17-BECC-16D495241081}.Debug|Any CPU.Build.0 = Debug|Any CPU
		{571EBED4-579A-4B17-BECC-16D495241081}.Release|Any CPU.ActiveCfg = Release|Any CPU
		{571EBED4-579A-4B17-BECC-16D495241081}.Release|Any CPU.Build.0 = Release|Any CPU
		{ADBE448E-C1FB-4FBE-9110-D1B04E08826E}.Debug|Any CPU.ActiveCfg = Debug|Any CPU
		{ADBE448E-C1FB-4FBE-9110-D1B04E08826E}.Debug|Any CPU.Build.0 = Debug|Any CPU
		{ADBE448E-C1FB-4FBE-9110-D1B04E08826E}.Release|Any CPU.ActiveCfg = Release|Any CPU
		{ADBE448E-C1FB-4FBE-9110-D1B04E08826E}.Release|Any CPU.Build.0 = Release|Any CPU
		{251120ED-4EE0-44B6-AB0F-107C22630E0D}.Debug|Any CPU.ActiveCfg = Debug|Any CPU
		{251120ED-4EE0-44B6-AB0F-107C22630E0D}.Debug|Any CPU.Build.0 = Debug|Any CPU
		{251120ED-4EE0-44B6-AB0F-107C22630E0D}.Release|Any CPU.ActiveCfg = Release|Any CPU
		{251120ED-4EE0-44B6-AB0F-107C22630E0D}.Release|Any CPU.Build.0 = Release|Any CPU
		{2B8EDB16-190A-43A9-9173-CA9084693E9F}.Debug|Any CPU.ActiveCfg = Debug|Any CPU
		{2B8EDB16-190A-43A9-9173-CA9084693E9F}.Debug|Any CPU.Build.0 = Debug|Any CPU
		{2B8EDB16-190A-43A9-9173-CA9084693E9F}.Release|Any CPU.ActiveCfg = Release|Any CPU
		{2B8EDB16-190A-43A9-9173-CA9084693E9F}.Release|Any CPU.Build.0 = Release|Any CPU
		{1DCF7460-3D68-463B-84D9-F46ED181EA55}.Debug|Any CPU.ActiveCfg = Debug|Any CPU
		{1DCF7460-3D68-463B-84D9-F46ED181EA55}.Debug|Any CPU.Build.0 = Debug|Any CPU
		{1DCF7460-3D68-463B-84D9-F46ED181EA55}.Release|Any CPU.ActiveCfg = Release|Any CPU
		{1DCF7460-3D68-463B-84D9-F46ED181EA55}.Release|Any CPU.Build.0 = Release|Any CPU
		{A1FFE5C1-B31C-44A6-A571-199C8CBA0DEA}.Debug|Any CPU.ActiveCfg = Debug|Any CPU
		{A1FFE5C1-B31C-44A6-A571-199C8CBA0DEA}.Debug|Any CPU.Build.0 = Debug|Any CPU
		{A1FFE5C1-B31C-44A6-A571-199C8CBA0DEA}.Release|Any CPU.ActiveCfg = Release|Any CPU
		{A1FFE5C1-B31C-44A6-A571-199C8CBA0DEA}.Release|Any CPU.Build.0 = Release|Any CPU
		{D929DF23-6B35-4730-853F-041099137F0D}.Debug|Any CPU.ActiveCfg = Debug|Any CPU
		{D929DF23-6B35-4730-853F-041099137F0D}.Debug|Any CPU.Build.0 = Debug|Any CPU
		{D929DF23-6B35-4730-853F-041099137F0D}.Release|Any CPU.ActiveCfg = Release|Any CPU
		{D929DF23-6B35-4730-853F-041099137F0D}.Release|Any CPU.Build.0 = Release|Any CPU
		{2F464216-F995-4C34-8763-B7320260926C}.Debug|Any CPU.ActiveCfg = Debug|Any CPU
		{2F464216-F995-4C34-8763-B7320260926C}.Debug|Any CPU.Build.0 = Debug|Any CPU
		{2F464216-F995-4C34-8763-B7320260926C}.Release|Any CPU.ActiveCfg = Release|Any CPU
		{2F464216-F995-4C34-8763-B7320260926C}.Release|Any CPU.Build.0 = Release|Any CPU
		{6B5B7174-1F5B-49DF-B812-6C3CDA421934}.Debug|Any CPU.ActiveCfg = Debug|Any CPU
		{6B5B7174-1F5B-49DF-B812-6C3CDA421934}.Debug|Any CPU.Build.0 = Debug|Any CPU
		{6B5B7174-1F5B-49DF-B812-6C3CDA421934}.Release|Any CPU.ActiveCfg = Release|Any CPU
		{6B5B7174-1F5B-49DF-B812-6C3CDA421934}.Release|Any CPU.Build.0 = Release|Any CPU
		{AE769B9A-AC1F-4D28-A3FB-D45535820ADF}.Debug|Any CPU.ActiveCfg = Debug|Any CPU
		{AE769B9A-AC1F-4D28-A3FB-D45535820ADF}.Debug|Any CPU.Build.0 = Debug|Any CPU
		{AE769B9A-AC1F-4D28-A3FB-D45535820ADF}.Release|Any CPU.ActiveCfg = Release|Any CPU
		{AE769B9A-AC1F-4D28-A3FB-D45535820ADF}.Release|Any CPU.Build.0 = Release|Any CPU
		{7F778848-E115-4B53-A14D-B0C0D71763C6}.Debug|Any CPU.ActiveCfg = Debug|Any CPU
		{7F778848-E115-4B53-A14D-B0C0D71763C6}.Debug|Any CPU.Build.0 = Debug|Any CPU
		{7F778848-E115-4B53-A14D-B0C0D71763C6}.Release|Any CPU.ActiveCfg = Release|Any CPU
		{7F778848-E115-4B53-A14D-B0C0D71763C6}.Release|Any CPU.Build.0 = Release|Any CPU
		{0DDCB047-5E80-4CE0-A415-78A1B026AD0F}.Debug|Any CPU.ActiveCfg = Debug|Any CPU
		{0DDCB047-5E80-4CE0-A415-78A1B026AD0F}.Debug|Any CPU.Build.0 = Debug|Any CPU
		{0DDCB047-5E80-4CE0-A415-78A1B026AD0F}.Release|Any CPU.ActiveCfg = Release|Any CPU
		{0DDCB047-5E80-4CE0-A415-78A1B026AD0F}.Release|Any CPU.Build.0 = Release|Any CPU
		{62F72C52-2930-4BBC-AFC8-7243599443C2}.Debug|Any CPU.ActiveCfg = Debug|Any CPU
		{62F72C52-2930-4BBC-AFC8-7243599443C2}.Debug|Any CPU.Build.0 = Debug|Any CPU
		{62F72C52-2930-4BBC-AFC8-7243599443C2}.Release|Any CPU.ActiveCfg = Release|Any CPU
		{62F72C52-2930-4BBC-AFC8-7243599443C2}.Release|Any CPU.Build.0 = Release|Any CPU
		{55E7140D-D233-4BC8-9650-D8FDC68FBD2F}.Debug|Any CPU.ActiveCfg = Debug|Any CPU
		{55E7140D-D233-4BC8-9650-D8FDC68FBD2F}.Debug|Any CPU.Build.0 = Debug|Any CPU
		{55E7140D-D233-4BC8-9650-D8FDC68FBD2F}.Release|Any CPU.ActiveCfg = Release|Any CPU
		{55E7140D-D233-4BC8-9650-D8FDC68FBD2F}.Release|Any CPU.Build.0 = Release|Any CPU
	EndGlobalSection
	GlobalSection(NestedProjects) = preSolution
		{2C0E3CD9-0210-4A59-9045-F135BA1A6D2B} = {11C72D2F-AA41-4E12-820A-64511B1FBE49}
		{B4F643C2-EA44-4880-BDE3-AF3DAA8C72E0} = {2C0E3CD9-0210-4A59-9045-F135BA1A6D2B}
		{6BC10762-092A-4AC7-B21B-48BE15E3A01D} = {2C0E3CD9-0210-4A59-9045-F135BA1A6D2B}
		{8CB1632D-5709-4D3F-9A80-71F72450802C} = {2C0E3CD9-0210-4A59-9045-F135BA1A6D2B}
		{C9F264F6-7C86-446A-8133-F096819648EA} = {11C72D2F-AA41-4E12-820A-64511B1FBE49}
		{B03D626D-A96E-4470-90B7-17DCDC261FE0} = {C9F264F6-7C86-446A-8133-F096819648EA}
		{571EBED4-579A-4B17-BECC-16D495241081} = {C9F264F6-7C86-446A-8133-F096819648EA}
		{ADBE448E-C1FB-4FBE-9110-D1B04E08826E} = {C9F264F6-7C86-446A-8133-F096819648EA}
		{579E168B-4893-4803-9A9D-68076894AF8D} = {11C72D2F-AA41-4E12-820A-64511B1FBE49}
		{251120ED-4EE0-44B6-AB0F-107C22630E0D} = {579E168B-4893-4803-9A9D-68076894AF8D}
		{2B8EDB16-190A-43A9-9173-CA9084693E9F} = {579E168B-4893-4803-9A9D-68076894AF8D}
		{1DCF7460-3D68-463B-84D9-F46ED181EA55} = {579E168B-4893-4803-9A9D-68076894AF8D}
		{A1FFE5C1-B31C-44A6-A571-199C8CBA0DEA} = {C9F264F6-7C86-446A-8133-F096819648EA}
		{D929DF23-6B35-4730-853F-041099137F0D} = {2C0E3CD9-0210-4A59-9045-F135BA1A6D2B}
		{2F464216-F995-4C34-8763-B7320260926C} = {579E168B-4893-4803-9A9D-68076894AF8D}
		{B8EBE902-D626-4BAD-9719-B9312D18CC0F} = {11C72D2F-AA41-4E12-820A-64511B1FBE49}
		{6B5B7174-1F5B-49DF-B812-6C3CDA421934} = {B8EBE902-D626-4BAD-9719-B9312D18CC0F}
		{AE769B9A-AC1F-4D28-A3FB-D45535820ADF} = {B8EBE902-D626-4BAD-9719-B9312D18CC0F}
		{7F778848-E115-4B53-A14D-B0C0D71763C6} = {B8EBE902-D626-4BAD-9719-B9312D18CC0F}
		{0DDCB047-5E80-4CE0-A415-78A1B026AD0F} = {B8EBE902-D626-4BAD-9719-B9312D18CC0F}
		{62F72C52-2930-4BBC-AFC8-7243599443C2} = {ABFA3C03-873C-4F1F-91E7-1DF665DB1FA6}
	EndGlobalSection
EndGlobal
